
Microsoft Visual Studio Solution File, Format Version 12.00
# Visual Studio 2013
VisualStudioVersion = 12.0.31101.0
MinimumVisualStudioVersion = 10.0.40219.1
Project("{FAE04EC0-301F-11D3-BF4B-00C04F79EFBC}") = "Kursovaya.Objects", "Objects/Kursovaya.Objects.csproj", "{B4D11B66-B8A8-4DCF-AAEB-83DFA65A0819}"
EndProject
Project("{FAE04EC0-301F-11D3-BF4B-00C04F79EFBC}") = "Kursovaya.ODataBackend", "ODataBackend/Kursovaya.ODataBackend.csproj", "{EB4DC698-8E05-419A-A55F-0794CDB639AF}"
EndProject
Global
	GlobalSection(SolutionConfigurationPlatforms) = preSolution
Debug|Any CPU = Debug|Any CPU
Release|Any CPU = Release|Any CPU
	EndGlobalSection
	GlobalSection(ProjectConfigurationPlatforms) = postSolution
		{B4D11B66-B8A8-4DCF-AAEB-83DFA65A0819}.Debug|Any CPU.ActiveCfg = Debug|Any CPU
		{B4D11B66-B8A8-4DCF-AAEB-83DFA65A0819}.Debug|Any CPU.Build.0 = Debug|Any CPU
		{B4D11B66-B8A8-4DCF-AAEB-83DFA65A0819}.Release|Any CPU.ActiveCfg = Release|Any CPU
		{B4D11B66-B8A8-4DCF-AAEB-83DFA65A0819}.Release|Any CPU.Build.0 = Release|Any CPU
		{EB4DC698-8E05-419A-A55F-0794CDB639AF}.Debug|Any CPU.ActiveCfg = Debug|Any CPU
		{EB4DC698-8E05-419A-A55F-0794CDB639AF}.Debug|Any CPU.Build.0 = Debug|Any CPU
		{EB4DC698-8E05-419A-A55F-0794CDB639AF}.Release|Any CPU.ActiveCfg = Release|Any CPU
		{EB4DC698-8E05-419A-A55F-0794CDB639AF}.Release|Any CPU.Build.0 = Release|Any CPU
	EndGlobalSection
	GlobalSection(SolutionProperties) = preSolution
		HideSolutionNode = FALSE
	EndGlobalSection
EndGlobal
